
Microsoft Visual Studio Solution File, Format Version 12.00
# Visual Studio Version 17
VisualStudioVersion = 17.9.34622.214
MinimumVisualStudioVersion = 10.0.40219.1
Project("{9A19103F-16F7-4668-BE54-9A1E7A4F7556}") = "LinqBatch", "LinqBatch\LinqBatch.csproj", "{91D312AC-B835-4393-8F21-04DE472B003A}"
EndProject
Project("{FAE04EC0-301F-11D3-BF4B-00C04F79EFBC}") = "LinqBatchTests", "LinqBatchTests\LinqBatchTests.csproj", "{4C12B87E-4CBF-435A-A434-F544C3E468DF}"
	ProjectSection(ProjectDependencies) = postProject
		{91D312AC-B835-4393-8F21-04DE472B003A} = {91D312AC-B835-4393-8F21-04DE472B003A}
	EndProjectSection
EndProject
Global
	GlobalSection(SolutionConfigurationPlatforms) = preSolution
		Debug|Any CPU = Debug|Any CPU
		Release|Any CPU = Release|Any CPU
	EndGlobalSection
	GlobalSection(ProjectConfigurationPlatforms) = postSolution
		{91D312AC-B835-4393-8F21-04DE472B003A}.Debug|Any CPU.ActiveCfg = Debug|Any CPU
		{91D312AC-B835-4393-8F21-04DE472B003A}.Debug|Any CPU.Build.0 = Debug|Any CPU
		{91D312AC-B835-4393-8F21-04DE472B003A}.Release|Any CPU.ActiveCfg = Release|Any CPU
		{91D312AC-B835-4393-8F21-04DE472B003A}.Release|Any CPU.Build.0 = Release|Any CPU
		{4C12B87E-4CBF-435A-A434-F544C3E468DF}.Debug|Any CPU.ActiveCfg = Debug|Any CPU
		{4C12B87E-4CBF-435A-A434-F544C3E468DF}.Debug|Any CPU.Build.0 = Debug|Any CPU
		{4C12B87E-4CBF-435A-A434-F544C3E468DF}.Release|Any CPU.ActiveCfg = Release|Any CPU
		{4C12B87E-4CBF-435A-A434-F544C3E468DF}.Release|Any CPU.Build.0 = Release|Any CPU
	EndGlobalSection
	GlobalSection(SolutionProperties) = preSolution
		HideSolutionNode = FALSE
	EndGlobalSection
	GlobalSection(ExtensibilityGlobals) = postSolution
		SolutionGuid = {90AFCF7C-6EF6-4A17-8D86-B40EBBC6CD1B}
	EndGlobalSection
EndGlobal
